// !$*UTF8*$!
{
	archiveVersion = 1;
	classes = {
	};
	objectVersion = 50;
	objects = {

/* Begin PBXBuildFile section */
		72330AD02161AA2A0059D963 /* AppDelegate.swift in Sources */ = {isa = PBXBuildFile; fileRef = 72330ACF2161AA2A0059D963 /* AppDelegate.swift */; };
		72330AD22161AA2A0059D963 /* ViewController.swift in Sources */ = {isa = PBXBuildFile; fileRef = 72330AD12161AA2A0059D963 /* ViewController.swift */; };
		72330AD52161AA2A0059D963 /* Main.storyboard in Resources */ = {isa = PBXBuildFile; fileRef = 72330AD32161AA2A0059D963 /* Main.storyboard */; };
		72330AD72161AA2C0059D963 /* Assets.xcassets in Resources */ = {isa = PBXBuildFile; fileRef = 72330AD62161AA2C0059D963 /* Assets.xcassets */; };
		72330ADA2161AA2C0059D963 /* LaunchScreen.storyboard in Resources */ = {isa = PBXBuildFile; fileRef = 72330AD82161AA2C0059D963 /* LaunchScreen.storyboard */; };
		72330AE42161AD220059D963 /* ResultViewController.swift in Sources */ = {isa = PBXBuildFile; fileRef = 72330AE32161AD220059D963 /* ResultViewController.swift */; };
		72330AE62161AD3A0059D963 /* QuizViewController.swift in Sources */ = {isa = PBXBuildFile; fileRef = 72330AE52161AD3A0059D963 /* QuizViewController.swift */; };
/* End PBXBuildFile section */

/* Begin PBXFileReference section */
		72330ACC2161AA2A0059D963 /* psychopath.app */ = {isa = PBXFileReference; explicitFileType = wrapper.application; includeInIndex = 0; path = psychopath.app; sourceTree = BUILT_PRODUCTS_DIR; };
		72330ACF2161AA2A0059D963 /* AppDelegate.swift */ = {isa = PBXFileReference; lastKnownFileType = sourcecode.swift; path = AppDelegate.swift; sourceTree = "<group>"; };
		72330AD12161AA2A0059D963 /* ViewController.swift */ = {isa = PBXFileReference; lastKnownFileType = sourcecode.swift; path = ViewController.swift; sourceTree = "<group>"; };
		72330AD42161AA2A0059D963 /* Base */ = {isa = PBXFileReference; lastKnownFileType = file.storyboard; name = Base; path = Base.lproj/Main.storyboard; sourceTree = "<group>"; };
		72330AD62161AA2C0059D963 /* Assets.xcassets */ = {isa = PBXFileReference; lastKnownFileType = folder.assetcatalog; path = Assets.xcassets; sourceTree = "<group>"; };
		72330AD92161AA2C0059D963 /* Base */ = {isa = PBXFileReference; lastKnownFileType = file.storyboard; name = Base; path = Base.lproj/LaunchScreen.storyboard; sourceTree = "<group>"; };
		72330ADB2161AA2C0059D963 /* Info.plist */ = {isa = PBXFileReference; lastKnownFileType = text.plist.xml; path = Info.plist; sourceTree = "<group>"; };
		72330AE32161AD220059D963 /* ResultViewController.swift */ = {isa = PBXFileReference; lastKnownFileType = sourcecode.swift; path = ResultViewController.swift; sourceTree = "<group>"; };
		72330AE52161AD3A0059D963 /* QuizViewController.swift */ = {isa = PBXFileReference; lastKnownFileType = sourcecode.swift; path = QuizViewController.swift; sourceTree = "<group>"; };
/* End PBXFileReference section */

/* Begin PBXFrameworksBuildPhase section */
		72330AC92161AA2A0059D963 /* Frameworks */ = {
			isa = PBXFrameworksBuildPhase;
			buildActionMask = 2147483647;
			files = (
			);
			runOnlyForDeploymentPostprocessing = 0;
		};
/* End PBXFrameworksBuildPhase section */

/* Begin PBXGroup section */
		72330AC32161AA2A0059D963 = {
			isa = PBXGroup;
			children = (
				72330ACE2161AA2A0059D963 /* psychopath */,
				72330ACD2161AA2A0059D963 /* Products */,
			);
			sourceTree = "<group>";
		};
		72330ACD2161AA2A0059D963 /* Products */ = {
			isa = PBXGroup;
			children = (
				72330ACC2161AA2A0059D963 /* psychopath.app */,
			);
			name = Products;
			sourceTree = "<group>";
		};
		72330ACE2161AA2A0059D963 /* psychopath */ = {
			isa = PBXGroup;
			children = (
				72330ACF2161AA2A0059D963 /* AppDelegate.swift */,
				72330AD12161AA2A0059D963 /* ViewController.swift */,
				72330AE52161AD3A0059D963 /* QuizViewController.swift */,
				72330AE32161AD220059D963 /* ResultViewController.swift */,
				72330AD32161AA2A0059D963 /* Main.storyboard */,
				72330AD62161AA2C0059D963 /* Assets.xcassets */,
				72330AD82161AA2C0059D963 /* LaunchScreen.storyboard */,
				72330ADB2161AA2C0059D963 /* Info.plist */,
			);
			path = psychopath;
			sourceTree = "<group>";
		};
/* End PBXGroup section */

/* Begin PBXNativeTarget section */
		72330ACB2161AA2A0059D963 /* psychopath */ = {
			isa = PBXNativeTarget;
			buildConfigurationList = 72330ADE2161AA2C0059D963 /* Build configuration list for PBXNativeTarget "psychopath" */;
			buildPhases = (
				72330AC82161AA2A0059D963 /* Sources */,
				72330AC92161AA2A0059D963 /* Frameworks */,
				72330ACA2161AA2A0059D963 /* Resources */,
			);
			buildRules = (
			);
			dependencies = (
			);
			name = psychopath;
			productName = psychopath;
			productReference = 72330ACC2161AA2A0059D963 /* psychopath.app */;
			productType = "com.apple.product-type.application";
		};
/* End PBXNativeTarget section */

/* Begin PBXProject section */
		72330AC42161AA2A0059D963 /* Project object */ = {
			isa = PBXProject;
			attributes = {
				LastSwiftUpdateCheck = 1000;
				LastUpgradeCheck = 1000;
				ORGANIZATIONNAME = "新井達朗";
				TargetAttributes = {
					72330ACB2161AA2A0059D963 = {
						CreatedOnToolsVersion = 10.0;
					};
				};
			};
			buildConfigurationList = 72330AC72161AA2A0059D963 /* Build configuration list for PBXProject "psychopath" */;
			compatibilityVersion = "Xcode 9.3";
			developmentRegion = en;
			hasScannedForEncodings = 0;
			knownRegions = (
				en,
				Base,
			);
			mainGroup = 72330AC32161AA2A0059D963;
			productRefGroup = 72330ACD2161AA2A0059D963 /* Products */;
			projectDirPath = "";
			projectRoot = "";
			targets = (
				72330ACB2161AA2A0059D963 /* psychopath */,
			);
		};
/* End PBXProject section */

/* Begin PBXResourcesBuildPhase section */
		72330ACA2161AA2A0059D963 /* Resources */ = {
			isa = PBXResourcesBuildPhase;
			buildActionMask = 2147483647;
			files = (
				72330ADA2161AA2C0059D963 /* LaunchScreen.storyboard in Resources */,
				72330AD72161AA2C0059D963 /* Assets.xcassets in Resources */,
				72330AD52161AA2A0059D963 /* Main.storyboard in Resources */,
			);
			runOnlyForDeploymentPostprocessing = 0;
		};
/* End PBXResourcesBuildPhase section */

/* Begin PBXSourcesBuildPhase section */
		72330AC82161AA2A0059D963 /* Sources */ = {
			isa = PBXSourcesBuildPhase;
			buildActionMask = 2147483647;
			files = (
				72330AE62161AD3A0059D963 /* QuizViewController.swift in Sources */,
				72330AD22161AA2A0059D963 /* ViewController.swift in Sources */,
				72330AD02161AA2A0059D963 /* AppDelegate.swift in Sources */,
				72330AE42161AD220059D963 /* ResultViewController.swift in Sources */,
			);
			runOnlyForDeploymentPostprocessing = 0;
		};
/* End PBXSourcesBuildPhase section */

/* Begin PBXVariantGroup section */
		72330AD32161AA2A0059D963 /* Main.storyboard */ = {
			isa = PBXVariantGroup;
			children = (
				72330AD42161AA2A0059D963 /* Base */,
			);
			name = Main.storyboard;
			sourceTree = "<group>";
		};
		72330AD82161AA2C0059D963 /* LaunchScreen.storyboard */ = {
			isa = PBXVariantGroup;
			children = (
				72330AD92161AA2C0059D963 /* Base */,
			);
			name = LaunchScreen.storyboard;
			sourceTree = "<group>";
		};
/* End PBXVariantGroup section */

/* Begin XCBuildConfiguration section */
		72330ADC2161AA2C0059D963 /* Debug */ = {
			isa = XCBuildConfiguration;
			buildSettings = {
				ALWAYS_SEARCH_USER_PATHS = NO;
				CLANG_ANALYZER_NONNULL = YES;
				CLANG_ANALYZER_NUMBER_OBJECT_CONVERSION = YES_AGGRESSIVE;
				CLANG_CXX_LANGUAGE_STANDARD = "gnu++14";
				CLANG_CXX_LIBRARY = "libc++";
				CLANG_ENABLE_MODULES = YES;
				CLANG_ENABLE_OBJC_ARC = YES;
				CLANG_ENABLE_OBJC_WEAK = YES;
				CLANG_WARN_BLOCK_CAPTURE_AUTORELEASING = YES;
				CLANG_WARN_BOOL_CONVERSION = YES;
				CLANG_WARN_COMMA = YES;
				CLANG_WARN_CONSTANT_CONVERSION = YES;
				CLANG_WARN_DEPRECATED_OBJC_IMPLEMENTATIONS = YES;
				CLANG_WARN_DIRECT_OBJC_ISA_USAGE = YES_ERROR;
				CLANG_WARN_DOCUMENTATION_COMMENTS = YES;
				CLANG_WARN_EMPTY_BODY = YES;
				CLANG_WARN_ENUM_CONVERSION = YES;
				CLANG_WARN_INFINITE_RECURSION = YES;
				CLANG_WARN_INT_CONVERSION = YES;
				CLANG_WARN_NON_LITERAL_NULL_CONVERSION = YES;
				CLANG_WARN_OBJC_IMPLICIT_RETAIN_SELF = YES;
				CLANG_WARN_OBJC_LITERAL_CONVERSION = YES;
				CLANG_WARN_OBJC_ROOT_CLASS = YES_ERROR;
				CLANG_WARN_RANGE_LOOP_ANALYSIS = YES;
				CLANG_WARN_STRICT_PROTOTYPES = YES;
				CLANG_WARN_SUSPICIOUS_MOVE = YES;
				CLANG_WARN_UNGUARDED_AVAILABILITY = YES_AGGRESSIVE;
				CLANG_WARN_UNREACHABLE_CODE = YES;
				CLANG_WARN__DUPLICATE_METHOD_MATCH = YES;
				CODE_SIGN_IDENTITY = "iPhone Developer";
				COPY_PHASE_STRIP = NO;
				DEBUG_INFORMATION_FORMAT = dwarf;
				ENABLE_STRICT_OBJC_MSGSEND = YES;
				ENABLE_TESTABILITY = YES;
				GCC_C_LANGUAGE_STANDARD = gnu11;
				GCC_DYNAMIC_NO_PIC = NO;
				GCC_NO_COMMON_BLOCKS = YES;
				GCC_OPTIMIZATION_LEVEL = 0;
				GCC_PREPROCESSOR_DEFINITIONS = (
					"DEBUG=1",
					"$(inherited)",
				);
				GCC_WARN_64_TO_32_BIT_CONVERSION = YES;
				GCC_WARN_ABOUT_RETURN_TYPE = YES_ERROR;
				GCC_WARN_UNDECLARED_SELECTOR = YES;
				GCC_WARN_UNINITIALIZED_AUTOS = YES_AGGRESSIVE;
				GCC_WARN_UNUSED_FUNCTION = YES;
				GCC_WARN_UNUSED_VARIABLE = YES;
				IPHONEOS_DEPLOYMENT_TARGET = 12.0;
				MTL_ENABLE_DEBUG_INFO = INCLUDE_SOURCE;
				MTL_FAST_MATH = YES;
				ONLY_ACTIVE_ARCH = YES;
				SDKROOT = iphoneos;
				SWIFT_ACTIVE_COMPILATION_CONDITIONS = DEBUG;
				SWIFT_OPTIMIZATION_LEVEL = "-Onone";
			};
			name = Debug;
		};
		72330ADD2161AA2C0059D963 /* Release */ = {
			isa = XCBuildConfiguration;
			buildSettings = {
				ALWAYS_SEARCH_USER_PATHS = NO;
				CLANG_ANALYZER_NONNULL = YES;
				CLANG_ANALYZER_NUMBER_OBJECT_CONVERSION = YES_AGGRESSIVE;
				CLANG_CXX_LANGUAGE_STANDARD = "gnu++14";
				CLANG_CXX_LIBRARY = "libc++";
				CLANG_ENABLE_MODULES = YES;
				CLANG_ENABLE_OBJC_ARC = YES;
				CLANG_ENABLE_OBJC_WEAK = YES;
				CLANG_WARN_BLOCK_CAPTURE_AUTORELEASING = YES;
				CLANG_WARN_BOOL_CONVERSION = YES;
				CLANG_WARN_COMMA = YES;
				CLANG_WARN_CONSTANT_CONVERSION = YES;
				CLANG_WARN_DEPRECATED_OBJC_IMPLEMENTATIONS = YES;
				CLANG_WARN_DIRECT_OBJC_ISA_USAGE = YES_ERROR;
				CLANG_WARN_DOCUMENTATION_COMMENTS = YES;
				CLANG_WARN_EMPTY_BODY = YES;
				CLANG_WARN_ENUM_CONVERSION = YES;
				CLANG_WARN_INFINITE_RECURSION = YES;
				CLANG_WARN_INT_CONVERSION = YES;
				CLANG_WARN_NON_LITERAL_NULL_CONVERSION = YES;
				CLANG_WARN_OBJC_IMPLICIT_RETAIN_SELF = YES;
				CLANG_WARN_OBJC_LITERAL_CONVERSION = YES;
				CLANG_WARN_OBJC_ROOT_CLASS = YES_ERROR;
				CLANG_WARN_RANGE_LOOP_ANALYSIS = YES;
				CLANG_WARN_STRICT_PROTOTYPES = YES;
				CLANG_WARN_SUSPICIOUS_MOVE = YES;
				CLANG_WARN_UNGUARDED_AVAILABILITY = YES_AGGRESSIVE;
				CLANG_WARN_UNREACHABLE_CODE = YES;
				CLANG_WARN__DUPLICATE_METHOD_MATCH = YES;
				CODE_SIGN_IDENTITY = "iPhone Developer";
				COPY_PHASE_STRIP = NO;
				DEBUG_INFORMATION_FORMAT = "dwarf-with-dsym";
				ENABLE_NS_ASSERTIONS = NO;
				ENABLE_STRICT_OBJC_MSGSEND = YES;
				GCC_C_LANGUAGE_STANDARD = gnu11;
				GCC_NO_COMMON_BLOCKS = YES;
				GCC_WARN_64_TO_32_BIT_CONVERSION = YES;
				GCC_WARN_ABOUT_RETURN_TYPE = YES_ERROR;
				GCC_WARN_UNDECLARED_SELECTOR = YES;
				GCC_WARN_UNINITIALIZED_AUTOS = YES_AGGRESSIVE;
				GCC_WARN_UNUSED_FUNCTION = YES;
				GCC_WARN_UNUSED_VARIABLE = YES;
				IPHONEOS_DEPLOYMENT_TARGET = 12.0;
				MTL_ENABLE_DEBUG_INFO = NO;
				MTL_FAST_MATH = YES;
				SDKROOT = iphoneos;
				SWIFT_COMPILATION_MODE = wholemodule;
				SWIFT_OPTIMIZATION_LEVEL = "-O";
				VALIDATE_PRODUCT = YES;
			};
			name = Release;
		};
		72330ADF2161AA2C0059D963 /* Debug */ = {
			isa = XCBuildConfiguration;
			buildSettings = {
				ASSETCATALOG_COMPILER_APPICON_NAME = AppIcon;
				CODE_SIGN_STYLE = Automatic;
				INFOPLIST_FILE = psychopath/Info.plist;
				LD_RUNPATH_SEARCH_PATHS = (
					"$(inherited)",
					"@executable_path/Frameworks",
				);
				PRODUCT_BUNDLE_IDENTIFIER = com.psychopath;
				PRODUCT_NAME = "$(TARGET_NAME)";
				SWIFT_VERSION = 4.2;
				TARGETED_DEVICE_FAMILY = "1,2";
			};
			name = Debug;
		};
		72330AE02161AA2C0059D963 /* Release */ = {
			isa = XCBuildConfiguration;
			buildSettings = {
				ASSETCATALOG_COMPILER_APPICON_NAME = AppIcon;
				CODE_SIGN_STYLE = Automatic;
				INFOPLIST_FILE = psychopath/Info.plist;
				LD_RUNPATH_SEARCH_PATHS = (
					"$(inherited)",
					"@executable_path/Frameworks",
				);
				PRODUCT_BUNDLE_IDENTIFIER = com.psychopath;
				PRODUCT_NAME = "$(TARGET_NAME)";
				SWIFT_VERSION = 4.2;
				TARGETED_DEVICE_FAMILY = "1,2";
			};
			name = Release;
		};
/* End XCBuildConfiguration section */

/* Begin XCConfigurationList section */
		72330AC72161AA2A0059D963 /* Build configuration list for PBXProject "psychopath" */ = {
			isa = XCConfigurationList;
			buildConfigurations = (
				72330ADC2161AA2C0059D963 /* Debug */,
				72330ADD2161AA2C0059D963 /* Release */,
			);
			defaultConfigurationIsVisible = 0;
			defaultConfigurationName = Release;
		};
		72330ADE2161AA2C0059D963 /* Build configuration list for PBXNativeTarget "psychopath" */ = {
			isa = XCConfigurationList;
			buildConfigurations = (
				72330ADF2161AA2C0059D963 /* Debug */,
				72330AE02161AA2C0059D963 /* Release */,
			);
			defaultConfigurationIsVisible = 0;
			defaultConfigurationName = Release;
		};
/* End XCConfigurationList section */
	};
	rootObject = 72330AC42161AA2A0059D963 /* Project object */;
}
